# THIS IS AN AUTOGENERATED FILE. DO NOT EDIT THIS FILE DIRECTLY.
# yarn lockfile v1


husky@^8.0.1:
  version "8.0.1"
  resolved "https://registry.yarnpkg.com/husky/-/husky-8.0.1.tgz#511cb3e57de3e3190514ae49ed50f6bc3f50b3e9"
  integrity sha512-xs7/chUH/CKdOCs7Zy0Aev9e/dKOMZf3K1Az1nar3tzlv0jfqnYtu235bstsWTmXOR0EfINrPa97yy4Lz6RiKw==

jest-mock-extended@^2.0.7:
  version "2.0.7"
  resolved "https://registry.yarnpkg.com/jest-mock-extended/-/jest-mock-extended-2.0.7.tgz#73ad87d8a744949bc3415d840f03468229f73f2a"
  integrity sha512-h8brJJN5BZb03hTwplvt+raT6Nj0U2U71Z26Py12Qc3kvYnAjDW/zSuQJLnXCNyyufy592VC9k3X7AOz+2H52g==
  dependencies:
    ts-essentials "^7.0.3"

ts-essentials@^7.0.3:
  version "7.0.3"
  resolved "https://registry.yarnpkg.com/ts-essentials/-/ts-essentials-7.0.3.tgz#686fd155a02133eedcc5362dc8b5056cde3e5a38"
  integrity sha512-8+gr5+lqO3G84KdiTSMRLtuyJ+nTBVRKuCrK4lidMPdVeEp0uqC875uE5NMcaA7YYMN7XsNiFQuMvasF8HT/xQ==
